
Microsoft Visual Studio Solution File, Format Version 12.00
# Visual Studio Version 17
VisualStudioVersion = 17.1.32228.430
MinimumVisualStudioVersion = 10.0.40219.1
Project("{FAE04EC0-301F-11D3-BF4B-00C04F79EFBC}") = "MyFavouriteApp.Android", "MyFavouriteApp\MyFavouriteApp.Android\MyFavouriteApp.Android.csproj", "{1DFDC24A-D7AC-4E5A-A672-C7C737157510}"
EndProject
Project("{FAE04EC0-301F-11D3-BF4B-00C04F79EFBC}") = "MyFavouriteApp.iOS", "MyFavouriteApp\MyFavouriteApp.iOS\MyFavouriteApp.iOS.csproj", "{7132B629-A644-413A-89A4-63E82AC65D9D}"
EndProject
Project("{FAE04EC0-301F-11D3-BF4B-00C04F79EFBC}") = "MyFavouriteApp", "MyFavouriteApp\MyFavouriteApp\MyFavouriteApp.csproj", "{DBA35332-D9C3-480D-8746-D1BE709E31D0}"
EndProject
Global
	GlobalSection(SolutionConfigurationPlatforms) = preSolution
		Debug|Any CPU = Debug|Any CPU
		Debug|iPhone = Debug|iPhone
		Debug|iPhoneSimulator = Debug|iPhoneSimulator
		Release|Any CPU = Release|Any CPU
		Release|iPhone = Release|iPhone
		Release|iPhoneSimulator = Release|iPhoneSimulator
	EndGlobalSection
	GlobalSection(ProjectConfigurationPlatforms) = postSolution
		{1DFDC24A-D7AC-4E5A-A672-C7C737157510}.Debug|Any CPU.ActiveCfg = Debug|Any CPU
		{1DFDC24A-D7AC-4E5A-A672-C7C737157510}.Debug|Any CPU.Build.0 = Debug|Any CPU
		{1DFDC24A-D7AC-4E5A-A672-C7C737157510}.Debug|Any CPU.Deploy.0 = Debug|Any CPU
		{1DFDC24A-D7AC-4E5A-A672-C7C737157510}.Debug|iPhone.ActiveCfg = Debug|Any CPU
		{1DFDC24A-D7AC-4E5A-A672-C7C737157510}.Debug|iPhone.Build.0 = Debug|Any CPU
		{1DFDC24A-D7AC-4E5A-A672-C7C737157510}.Debug|iPhone.Deploy.0 = Debug|Any CPU
		{1DFDC24A-D7AC-4E5A-A672-C7C737157510}.Debug|iPhoneSimulator.ActiveCfg = Debug|Any CPU
		{1DFDC24A-D7AC-4E5A-A672-C7C737157510}.Debug|iPhoneSimulator.Build.0 = Debug|Any CPU
		{1DFDC24A-D7AC-4E5A-A672-C7C737157510}.Debug|iPhoneSimulator.Deploy.0 = Debug|Any CPU
		{1DFDC24A-D7AC-4E5A-A672-C7C737157510}.Release|Any CPU.ActiveCfg = Release|Any CPU
		{1DFDC24A-D7AC-4E5A-A672-C7C737157510}.Release|Any CPU.Build.0 = Release|Any CPU
		{1DFDC24A-D7AC-4E5A-A672-C7C737157510}.Release|Any CPU.Deploy.0 = Release|Any CPU
		{1DFDC24A-D7AC-4E5A-A672-C7C737157510}.Release|iPhone.ActiveCfg = Release|Any CPU
		{1DFDC24A-D7AC-4E5A-A672-C7C737157510}.Release|iPhone.Build.0 = Release|Any CPU
		{1DFDC24A-D7AC-4E5A-A672-C7C737157510}.Release|iPhone.Deploy.0 = Release|Any CPU
		{1DFDC24A-D7AC-4E5A-A672-C7C737157510}.Release|iPhoneSimulator.ActiveCfg = Release|Any CPU
		{1DFDC24A-D7AC-4E5A-A672-C7C737157510}.Release|iPhoneSimulator.Build.0 = Release|Any CPU
		{1DFDC24A-D7AC-4E5A-A672-C7C737157510}.Release|iPhoneSimulator.Deploy.0 = Release|Any CPU
		{7132B629-A644-413A-89A4-63E82AC65D9D}.Debug|Any CPU.ActiveCfg = Debug|iPhone
		{7132B629-A644-413A-89A4-63E82AC65D9D}.Debug|Any CPU.Build.0 = Debug|iPhone
		{7132B629-A644-413A-89A4-63E82AC65D9D}.Debug|Any CPU.Deploy.0 = Debug|iPhone
		{7132B629-A644-413A-89A4-63E82AC65D9D}.Debug|iPhone.ActiveCfg = Debug|iPhone
		{7132B629-A644-413A-89A4-63E82AC65D9D}.Debug|iPhone.Build.0 = Debug|iPhone
		{7132B629-A644-413A-89A4-63E82AC65D9D}.Debug|iPhone.Deploy.0 = Debug|iPhone
		{7132B629-A644-413A-89A4-63E82AC65D9D}.Debug|iPhoneSimulator.ActiveCfg = Debug|iPhoneSimulator
		{7132B629-A644-413A-89A4-63E82AC65D9D}.Debug|iPhoneSimulator.Build.0 = Debug|iPhoneSimulator
		{7132B629-A644-413A-89A4-63E82AC65D9D}.Debug|iPhoneSimulator.Deploy.0 = Debug|iPhoneSimulator
		{7132B629-A644-413A-89A4-63E82AC65D9D}.Release|Any CPU.ActiveCfg = Release|iPhoneSimulator
		{7132B629-A644-413A-89A4-63E82AC65D9D}.Release|Any CPU.Build.0 = Release|iPhoneSimulator
		{7132B629-A644-413A-89A4-63E82AC65D9D}.Release|Any CPU.Deploy.0 = Release|iPhoneSimulator
		{7132B629-A644-413A-89A4-63E82AC65D9D}.Release|iPhone.ActiveCfg = Release|iPhone
		{7132B629-A644-413A-89A4-63E82AC65D9D}.Release|iPhone.Build.0 = Release|iPhone
		{7132B629-A644-413A-89A4-63E82AC65D9D}.Release|iPhone.Deploy.0 = Release|iPhone
		{7132B629-A644-413A-89A4-63E82AC65D9D}.Release|iPhoneSimulator.ActiveCfg = Release|iPhoneSimulator
		{7132B629-A644-413A-89A4-63E82AC65D9D}.Release|iPhoneSimulator.Build.0 = Release|iPhoneSimulator
		{7132B629-A644-413A-89A4-63E82AC65D9D}.Release|iPhoneSimulator.Deploy.0 = Release|iPhoneSimulator
		{DBA35332-D9C3-480D-8746-D1BE709E31D0}.Debug|Any CPU.ActiveCfg = Debug|Any CPU
		{DBA35332-D9C3-480D-8746-D1BE709E31D0}.Debug|Any CPU.Build.0 = Debug|Any CPU
		{DBA35332-D9C3-480D-8746-D1BE709E31D0}.Debug|Any CPU.Deploy.0 = Debug|Any CPU
		{DBA35332-D9C3-480D-8746-D1BE709E31D0}.Debug|iPhone.ActiveCfg = Debug|Any CPU
		{DBA35332-D9C3-480D-8746-D1BE709E31D0}.Debug|iPhone.Build.0 = Debug|Any CPU
		{DBA35332-D9C3-480D-8746-D1BE709E31D0}.Debug|iPhone.Deploy.0 = Debug|Any CPU
		{DBA35332-D9C3-480D-8746-D1BE709E31D0}.Debug|iPhoneSimulator.ActiveCfg = Debug|Any CPU
		{DBA35332-D9C3-480D-8746-D1BE709E31D0}.Debug|iPhoneSimulator.Build.0 = Debug|Any CPU
		{DBA35332-D9C3-480D-8746-D1BE709E31D0}.Debug|iPhoneSimulator.Deploy.0 = Debug|Any CPU
		{DBA35332-D9C3-480D-8746-D1BE709E31D0}.Release|Any CPU.ActiveCfg = Release|Any CPU
		{DBA35332-D9C3-480D-8746-D1BE709E31D0}.Release|Any CPU.Build.0 = Release|Any CPU
		{DBA35332-D9C3-480D-8746-D1BE709E31D0}.Release|Any CPU.Deploy.0 = Release|Any CPU
		{DBA35332-D9C3-480D-8746-D1BE709E31D0}.Release|iPhone.ActiveCfg = Release|Any CPU
		{DBA35332-D9C3-480D-8746-D1BE709E31D0}.Release|iPhone.Build.0 = Release|Any CPU
		{DBA35332-D9C3-480D-8746-D1BE709E31D0}.Release|iPhone.Deploy.0 = Release|Any CPU
		{DBA35332-D9C3-480D-8746-D1BE709E31D0}.Release|iPhoneSimulator.ActiveCfg = Release|Any CPU
		{DBA35332-D9C3-480D-8746-D1BE709E31D0}.Release|iPhoneSimulator.Build.0 = Release|Any CPU
		{DBA35332-D9C3-480D-8746-D1BE709E31D0}.Release|iPhoneSimulator.Deploy.0 = Release|Any CPU
	EndGlobalSection
	GlobalSection(SolutionProperties) = preSolution
		HideSolutionNode = FALSE
	EndGlobalSection
	GlobalSection(ExtensibilityGlobals) = postSolution
		SolutionGuid = {25DF1DA3-EFDC-4A0C-BCC7-D4A49D945EAF}
	EndGlobalSection
EndGlobal
